
Microsoft Visual Studio Solution File, Format Version 12.00
# Visual Studio Version 17
VisualStudioVersion = 17.0.31903.59
MinimumVisualStudioVersion = 10.0.40219.1
Project("{FAE04EC0-301F-11D3-BF4B-00C04F79EFBC}") = "Mreg", "Mreg.csproj", "{5BF3E8F6-6162-4BBE-A6AE-FFCBF06D501B}"
EndProject
Global
	GlobalSection(SolutionConfigurationPlatforms) = preSolution
		Debug|x64 = Debug|x64
		Release|x64 = Release|x64
	EndGlobalSection
	GlobalSection(ProjectConfigurationPlatforms) = postSolution
		{5BF3E8F6-6162-4BBE-A6AE-FFCBF06D501B}.Debug|x64.ActiveCfg = Debug|x64
		{5BF3E8F6-6162-4BBE-A6AE-FFCBF06D501B}.Debug|x64.Build.0 = Debug|x64
		{5BF3E8F6-6162-4BBE-A6AE-FFCBF06D501B}.Release|x64.ActiveCfg = Release|x64
		{5BF3E8F6-6162-4BBE-A6AE-FFCBF06D501B}.Release|x64.Build.0 = Release|x64
	EndGlobalSection
	GlobalSection(SolutionProperties) = preSolution
		HideSolutionNode = FALSE
	EndGlobalSection
	GlobalSection(ExtensibilityGlobals) = postSolution
		SolutionGuid = {EA6DBF9F-1026-43E0-A853-B11760233CCE}
	EndGlobalSection
EndGlobal
