Microsoft Visual Studio Solution File, Format Version 12.00
# Visual Studio 15
VisualStudioVersion = 15.0.26730.12
MinimumVisualStudioVersion = 10.0.40219.1
Project("{8BC9CEB8-8B4A-11D0-8D11-00A0C91BC942}") = "ScriptPreprocessing", "ScriptPreprocessing.vcxproj", "{DC1D98B6-2EBD-4219-BE3C-009A2D284B18}"
EndProject
Global
	GlobalSection(SolutionConfigurationPlatforms) = preSolution
		Debug|x64 = Debug|x64
		Release|x64 = Release|x64
	EndGlobalSection
	GlobalSection(ProjectConfigurationPlatforms) = postSolution
		{DC1D98B6-2EBD-4219-BE3C-009A2D284B18}.Debug|x64.ActiveCfg = Debug|x64
		{DC1D98B6-2EBD-4219-BE3C-009A2D284B18}.Debug|x64.Build.0 = Debug|x64
		{DC1D98B6-2EBD-4219-BE3C-009A2D284B18}.Release|x64.ActiveCfg = Release|x64
		{DC1D98B6-2EBD-4219-BE3C-009A2D284B18}.Release|x64.Build.0 = Release|x64
	EndGlobalSection
	GlobalSection(SolutionProperties) = preSolution
		HideSolutionNode = FALSE
	EndGlobalSection
	GlobalSection(ExtensibilityGlobals) = postSolution
		SolutionGuid = {C4DB9292-33E5-428C-B733-471521B478BB}
	EndGlobalSection
EndGlobal
