<?xml version="1.0" encoding="utf-8"?>
<Project ToolsVersion="4.0" xmlns="http://schemas.microsoft.com/developer/msbuild/2003">
  <ItemGroup>
    <Filter Include="Source Files">
      <UniqueIdentifier>{58416cac-de1e-4b56-b00a-f6e5fd7d99d7}</UniqueIdentifier>
      <Extensions>cpp;c;cxx;rc;def;r;odl;idl;hpj;bat</Extensions>
    </Filter>
    <Filter Include="Header Files">
      <UniqueIdentifier>{54d067aa-5fb3-462e-90a3-043b00d3df07}</UniqueIdentifier>
    </Filter>
    <Filter Include="Ressource Files">
      <UniqueIdentifier>{d23a55ef-d032-432a-a913-a5e1d50bcc40}</UniqueIdentifier>
    </Filter>
  </ItemGroup>
  <ItemGroup>
    <ClCompile Include="..\FlexAlignment.cpp">
      <Filter>Source Files</Filter>
    </ClCompile>
    <ClCompile Include="..\FinderItem.cpp">
      <Filter>Source Files</Filter>
    </ClCompile>
    <ClCompile Include="..\FlexRegistration.cpp">
      <Filter>Source Files</Filter>
    </ClCompile>
    <ClCompile Include="..\FlexRegistrationGrid.cpp">
      <Filter>Source Files</Filter>
    </ClCompile>
    <ClCompile Include="..\UniformGrid.cpp">
      <Filter>Source Files</Filter>
    </ClCompile>
  </ItemGroup>
  <ItemGroup>
    <ClInclude Include="..\CAUtil.h">
      <Filter>Header Files</Filter>
    </ClInclude>
    <ClInclude Include="..\FinderItem.h">
      <Filter>Header Files</Filter>
    </ClInclude>
    <ClInclude Include="..\FlexRegistration.h">
      <Filter>Header Files</Filter>
    </ClInclude>
    <ClInclude Include="..\FlexRegistrationGrid.h">
      <Filter>Header Files</Filter>
    </ClInclude>
    <ClInclude Include="..\MathUtil.h">
      <Filter>Header Files</Filter>
    </ClInclude>
    <ClInclude Include="..\Point.h">
      <Filter>Header Files</Filter>
    </ClInclude>
    <ClInclude Include="..\Rect.h">
      <Filter>Header Files</Filter>
    </ClInclude>
    <ClInclude Include="..\UniformGrid.h">
      <Filter>Header Files</Filter>
    </ClInclude>
  </ItemGroup>
  <ItemGroup>
    <None Include="..\Config.ini">
      <Filter>Ressource Files</Filter>
    </None>
  </ItemGroup>
</Project>