
Microsoft Visual Studio Solution File, Format Version 12.00
# Visual Studio Version 17
VisualStudioVersion = 17.0.31903.59
MinimumVisualStudioVersion = 10.0.40219.1
Project("{FAE04EC0-301F-11D3-BF4B-00C04F79EFBC}") = "MimDeinterlace", "MimDeinterlace.csproj", "{FE48ABD0-BACB-4E9A-965F-B0B72FBB2CCF}"
EndProject
Global
	GlobalSection(SolutionConfigurationPlatforms) = preSolution
		Debug|x64 = Debug|x64
		Release|x64 = Release|x64
	EndGlobalSection
	GlobalSection(ProjectConfigurationPlatforms) = postSolution
		{FE48ABD0-BACB-4E9A-965F-B0B72FBB2CCF}.Debug|x64.ActiveCfg = Debug|x64
		{FE48ABD0-BACB-4E9A-965F-B0B72FBB2CCF}.Debug|x64.Build.0 = Debug|x64
		{FE48ABD0-BACB-4E9A-965F-B0B72FBB2CCF}.Release|x64.ActiveCfg = Release|x64
		{FE48ABD0-BACB-4E9A-965F-B0B72FBB2CCF}.Release|x64.Build.0 = Release|x64
	EndGlobalSection
	GlobalSection(SolutionProperties) = preSolution
		HideSolutionNode = FALSE
	EndGlobalSection
	GlobalSection(ExtensibilityGlobals) = postSolution
		SolutionGuid = {C4333B23-3790-445F-90B7-71CC667E0E96}
	EndGlobalSection
EndGlobal
