
Microsoft Visual Studio Solution File, Format Version 12.00
# Visual Studio Version 17
VisualStudioVersion = 17.0.31903.59
MinimumVisualStudioVersion = 10.0.40219.1
Project("{9A19103F-16F7-4668-BE54-9A1E7A4F7556}") = "MdispWPF", "..\MdispWPF\vs2022\MdispWPF.csproj", "{B927D331-1322-4F51-97A2-466D4E88D2B5}"
	ProjectSection(ProjectDependencies) = postProject
		{4DBC970A-D33B-4282-8929-E85637965336} = {4DBC970A-D33B-4282-8929-E85637965336}
	EndProjectSection
EndProject
Project("{9A19103F-16F7-4668-BE54-9A1E7A4F7556}") = "MILApplicationLibrary", "..\MILApplicationLibrary\vs2022\MILApplicationLibrary.csproj", "{4DBC970A-D33B-4282-8929-E85637965336}"
EndProject
Global
	GlobalSection(SolutionConfigurationPlatforms) = preSolution
		Debug|x64 = Debug|x64
		Release|x64 = Release|x64
	EndGlobalSection
	GlobalSection(ProjectConfigurationPlatforms) = postSolution
		{B927D331-1322-4F51-97A2-466D4E88D2B5}.Debug|x64.ActiveCfg = Debug|x64
		{B927D331-1322-4F51-97A2-466D4E88D2B5}.Debug|x64.Build.0 = Debug|x64
		{B927D331-1322-4F51-97A2-466D4E88D2B5}.Release|x64.ActiveCfg = Release|x64
		{B927D331-1322-4F51-97A2-466D4E88D2B5}.Release|x64.Build.0 = Release|x64
		{4DBC970A-D33B-4282-8929-E85637965336}.Debug|x64.ActiveCfg = Debug|x64
		{4DBC970A-D33B-4282-8929-E85637965336}.Debug|x64.Build.0 = Debug|x64
		{4DBC970A-D33B-4282-8929-E85637965336}.Release|x64.ActiveCfg = Release|x64
		{4DBC970A-D33B-4282-8929-E85637965336}.Release|x64.Build.0 = Release|x64
	EndGlobalSection
	GlobalSection(SolutionProperties) = preSolution
		HideSolutionNode = FALSE
	EndGlobalSection
	GlobalSection(ExtensibilityGlobals) = postSolution
		SolutionGuid = {F11F8177-25F9-464B-B585-AA9D89CF08CC}
	EndGlobalSection
EndGlobal
