
Microsoft Visual Studio Solution File, Format Version 12.00
# Visual Studio Version 17
VisualStudioVersion = 17.0.31903.59
MinimumVisualStudioVersion = 10.0.40219.1
Project("{8BC9CEB8-8B4A-11D0-8D11-00A0C91BC942}") = "mdigcrossbar", "mdigcrossbar.vcxproj", "{7D5B6849-7C3E-4E30-9206-4E72ADA3948F}"
EndProject
Global
	GlobalSection(SolutionConfigurationPlatforms) = preSolution
		Debug|x64 = Debug|x64
		Release|x64 = Release|x64
	EndGlobalSection
	GlobalSection(ProjectConfigurationPlatforms) = postSolution
		{7D5B6849-7C3E-4E30-9206-4E72ADA3948F}.Debug|x64.ActiveCfg = Debug|x64
		{7D5B6849-7C3E-4E30-9206-4E72ADA3948F}.Debug|x64.Build.0 = Debug|x64
		{7D5B6849-7C3E-4E30-9206-4E72ADA3948F}.Release|x64.ActiveCfg = Release|x64
		{7D5B6849-7C3E-4E30-9206-4E72ADA3948F}.Release|x64.Build.0 = Release|x64
	EndGlobalSection
	GlobalSection(SolutionProperties) = preSolution
		HideSolutionNode = FALSE
	EndGlobalSection
	GlobalSection(ExtensibilityGlobals) = postSolution
		SolutionGuid = {EFE535AD-0B14-4CF8-AACD-716049D9E3D3}
	EndGlobalSection
EndGlobal
