
Microsoft Visual Studio Solution File, Format Version 12.00
# Visual Studio Version 17
VisualStudioVersion = 17.0.31903.59
MinimumVisualStudioVersion = 10.0.40219.1
Project("{FAE04EC0-301F-11D3-BF4B-00C04F79EFBC}") = "MdigDoubleBuffering", "MdigDoubleBuffering.csproj", "{FA395F35-6A78-4EFB-B30B-E6EB02B55548}"
EndProject
Global
	GlobalSection(SolutionConfigurationPlatforms) = preSolution
		Debug|x64 = Debug|x64
		Release|x64 = Release|x64
	EndGlobalSection
	GlobalSection(ProjectConfigurationPlatforms) = postSolution
		{FA395F35-6A78-4EFB-B30B-E6EB02B55548}.Debug|x64.ActiveCfg = Debug|x64
		{FA395F35-6A78-4EFB-B30B-E6EB02B55548}.Debug|x64.Build.0 = Debug|x64
		{FA395F35-6A78-4EFB-B30B-E6EB02B55548}.Release|x64.ActiveCfg = Release|x64
		{FA395F35-6A78-4EFB-B30B-E6EB02B55548}.Release|x64.Build.0 = Release|x64
	EndGlobalSection
	GlobalSection(SolutionProperties) = preSolution
		HideSolutionNode = FALSE
	EndGlobalSection
	GlobalSection(ExtensibilityGlobals) = postSolution
		SolutionGuid = {44713CE1-EFA9-45B3-9678-B10AC86783FB}
	EndGlobalSection
EndGlobal
