
Microsoft Visual Studio Solution File, Format Version 12.00
# Visual Studio 15
VisualStudioVersion = 15.0.26730.12
MinimumVisualStudioVersion = 10.0.40219.1
Project("{8BC9CEB8-8B4A-11D0-8D11-00A0C91BC942}") = "DirectionalLightingRemoval", "DirectionalLightingRemoval.vcxproj", "{4A11856A-E07A-490D-A9D6-4D089B4F3017}"
EndProject
Global
	GlobalSection(SolutionConfigurationPlatforms) = preSolution
		Debug|x64 = Debug|x64
		Release|x64 = Release|x64
	EndGlobalSection
	GlobalSection(ProjectConfigurationPlatforms) = postSolution
		{4A11856A-E07A-490D-A9D6-4D089B4F3017}.Debug|x64.ActiveCfg = Debug|x64
		{4A11856A-E07A-490D-A9D6-4D089B4F3017}.Debug|x64.Build.0 = Debug|x64
		{4A11856A-E07A-490D-A9D6-4D089B4F3017}.Release|x64.ActiveCfg = Release|x64
		{4A11856A-E07A-490D-A9D6-4D089B4F3017}.Release|x64.Build.0 = Release|x64
	EndGlobalSection
	GlobalSection(SolutionProperties) = preSolution
		HideSolutionNode = FALSE
	EndGlobalSection
	GlobalSection(ExtensibilityGlobals) = postSolution
		SolutionGuid = {B407F0E5-8753-4D0A-8750-06FD2FBB49D4}
	EndGlobalSection
EndGlobal
