
Microsoft Visual Studio Solution File, Format Version 12.00
# Visual Studio Version 17
VisualStudioVersion = 17.0.31903.59
MinimumVisualStudioVersion = 10.0.40219.1
Project("{FAE04EC0-301F-11D3-BF4B-00C04F79EFBC}") = "Mcol", "Mcol.csproj", "{321A1751-4037-4A7B-8DC7-C3460F386F6A}"
EndProject
Global
	GlobalSection(SolutionConfigurationPlatforms) = preSolution
		Debug|x64 = Debug|x64
		Release|x64 = Release|x64
	EndGlobalSection
	GlobalSection(ProjectConfigurationPlatforms) = postSolution
		{321A1751-4037-4A7B-8DC7-C3460F386F6A}.Debug|x64.ActiveCfg = Debug|x64
		{321A1751-4037-4A7B-8DC7-C3460F386F6A}.Debug|x64.Build.0 = Debug|x64
		{321A1751-4037-4A7B-8DC7-C3460F386F6A}.Release|x64.ActiveCfg = Release|x64
		{321A1751-4037-4A7B-8DC7-C3460F386F6A}.Release|x64.Build.0 = Release|x64
	EndGlobalSection
	GlobalSection(SolutionProperties) = preSolution
		HideSolutionNode = FALSE
	EndGlobalSection
	GlobalSection(ExtensibilityGlobals) = postSolution
		SolutionGuid = {6DC54F2F-5473-4FF1-9153-D104E3B31818}
	EndGlobalSection
EndGlobal
